
Microsoft Visual Studio Solution File, Format Version 12.00
# Visual Studio 15
VisualStudioVersion = 15.0.28307.645
MinimumVisualStudioVersion = 10.0.40219.1
Project("{FAE04EC0-301F-11D3-BF4B-00C04F79EFBC}") = "sannmokunarabe", "sannmokunarabe\sannmokunarabe.csproj", "{6CFCB528-8010-451D-8478-509AB0B39F4E}"
EndProject
Global
	GlobalSection(SolutionConfigurationPlatforms) = preSolution
		Debug|Any CPU = Debug|Any CPU
		Release|Any CPU = Release|Any CPU
	EndGlobalSection
	GlobalSection(ProjectConfigurationPlatforms) = postSolution
		{6CFCB528-8010-451D-8478-509AB0B39F4E}.Debug|Any CPU.ActiveCfg = Debug|Any CPU
		{6CFCB528-8010-451D-8478-509AB0B39F4E}.Debug|Any CPU.Build.0 = Debug|Any CPU
		{6CFCB528-8010-451D-8478-509AB0B39F4E}.Release|Any CPU.ActiveCfg = Release|Any CPU
		{6CFCB528-8010-451D-8478-509AB0B39F4E}.Release|Any CPU.Build.0 = Release|Any CPU
	EndGlobalSection
	GlobalSection(SolutionProperties) = preSolution
		HideSolutionNode = FALSE
	EndGlobalSection
	GlobalSection(ExtensibilityGlobals) = postSolution
		SolutionGuid = {A535D00D-F82F-47F6-862A-A0060A896F13}
	EndGlobalSection
EndGlobal
